
Microsoft Visual Studio Solution File, Format Version 12.00
# Visual Studio Version 17
VisualStudioVersion = 17.2.32630.192
MinimumVisualStudioVersion = 10.0.40219.1
Project("{9A19103F-16F7-4668-BE54-9A1E7A4F7556}") = "EFSamurai.Data", "EFSamurai.Data\EFSamurai.Data.csproj", "{7B46044E-E848-4495-AFBE-D3C2DD062B67}"
EndProject
Project("{9A19103F-16F7-4668-BE54-9A1E7A4F7556}") = "EFSamurai.Domain", "EFSamurai.Domain\EFSamurai.Domain.csproj", "{8669022D-D242-43B9-90E3-1F8937535501}"
EndProject
Project("{FAE04EC0-301F-11D3-BF4B-00C04F79EFBC}") = "EFSamurai.app", "SamuraiApp\EFSamurai.app.csproj", "{47659734-F7AF-4142-AF7C-16530F124F25}"
EndProject
Global
	GlobalSection(SolutionConfigurationPlatforms) = preSolution
		Debug|Any CPU = Debug|Any CPU
		Release|Any CPU = Release|Any CPU
	EndGlobalSection
	GlobalSection(ProjectConfigurationPlatforms) = postSolution
		{7B46044E-E848-4495-AFBE-D3C2DD062B67}.Debug|Any CPU.ActiveCfg = Debug|Any CPU
		{7B46044E-E848-4495-AFBE-D3C2DD062B67}.Debug|Any CPU.Build.0 = Debug|Any CPU
		{7B46044E-E848-4495-AFBE-D3C2DD062B67}.Release|Any CPU.ActiveCfg = Release|Any CPU
		{7B46044E-E848-4495-AFBE-D3C2DD062B67}.Release|Any CPU.Build.0 = Release|Any CPU
		{8669022D-D242-43B9-90E3-1F8937535501}.Debug|Any CPU.ActiveCfg = Debug|Any CPU
		{8669022D-D242-43B9-90E3-1F8937535501}.Debug|Any CPU.Build.0 = Debug|Any CPU
		{8669022D-D242-43B9-90E3-1F8937535501}.Release|Any CPU.ActiveCfg = Release|Any CPU
		{8669022D-D242-43B9-90E3-1F8937535501}.Release|Any CPU.Build.0 = Release|Any CPU
		{47659734-F7AF-4142-AF7C-16530F124F25}.Debug|Any CPU.ActiveCfg = Debug|Any CPU
		{47659734-F7AF-4142-AF7C-16530F124F25}.Debug|Any CPU.Build.0 = Debug|Any CPU
		{47659734-F7AF-4142-AF7C-16530F124F25}.Release|Any CPU.ActiveCfg = Release|Any CPU
		{47659734-F7AF-4142-AF7C-16530F124F25}.Release|Any CPU.Build.0 = Release|Any CPU
	EndGlobalSection
	GlobalSection(SolutionProperties) = preSolution
		HideSolutionNode = FALSE
	EndGlobalSection
	GlobalSection(ExtensibilityGlobals) = postSolution
		SolutionGuid = {6103E412-C11F-4414-8972-FBE155F206B5}
	EndGlobalSection
EndGlobal
